// !$*UTF8*$!
{
	archiveVersion = 1;
	classes = {
	};
	objectVersion = 46;
	objects = {

/* Begin PBXBuildFile section */
		6F0CB7231CB18B23001FFF6A /* BTDiscovery.swift in Sources */ = {isa = PBXBuildFile; fileRef = 6F0CB7211CB18B23001FFF6A /* BTDiscovery.swift */; };
		6F0CB7241CB18B23001FFF6A /* BTService.swift in Sources */ = {isa = PBXBuildFile; fileRef = 6F0CB7221CB18B23001FFF6A /* BTService.swift */; };
		6F7B65801B6299EA0059A348 /* AppDelegate.swift in Sources */ = {isa = PBXBuildFile; fileRef = 6F7B657F1B6299EA0059A348 /* AppDelegate.swift */; };
		6F7B65831B6299EA0059A348 /* autopilot.xcdatamodeld in Sources */ = {isa = PBXBuildFile; fileRef = 6F7B65811B6299EA0059A348 /* autopilot.xcdatamodeld */; };
		6F7B65851B6299EA0059A348 /* ViewController.swift in Sources */ = {isa = PBXBuildFile; fileRef = 6F7B65841B6299EA0059A348 /* ViewController.swift */; };
		6F7B65881B6299EA0059A348 /* Main.storyboard in Resources */ = {isa = PBXBuildFile; fileRef = 6F7B65861B6299EA0059A348 /* Main.storyboard */; };
		6F7B658A1B6299EA0059A348 /* Images.xcassets in Resources */ = {isa = PBXBuildFile; fileRef = 6F7B65891B6299EA0059A348 /* Images.xcassets */; };
		6F7B658D1B6299EA0059A348 /* LaunchScreen.xib in Resources */ = {isa = PBXBuildFile; fileRef = 6F7B658B1B6299EA0059A348 /* LaunchScreen.xib */; };
		6F7B65991B6299EA0059A348 /* autopilotTests.swift in Sources */ = {isa = PBXBuildFile; fileRef = 6F7B65981B6299EA0059A348 /* autopilotTests.swift */; };
/* End PBXBuildFile section */

/* Begin PBXContainerItemProxy section */
		6F7B65931B6299EA0059A348 /* PBXContainerItemProxy */ = {
			isa = PBXContainerItemProxy;
			containerPortal = 6F7B65721B6299EA0059A348 /* Project object */;
			proxyType = 1;
			remoteGlobalIDString = 6F7B65791B6299EA0059A348;
			remoteInfo = autopilot;
		};
/* End PBXContainerItemProxy section */

/* Begin PBXFileReference section */
		6F0CB7211CB18B23001FFF6A /* BTDiscovery.swift */ = {isa = PBXFileReference; fileEncoding = 4; lastKnownFileType = sourcecode.swift; path = BTDiscovery.swift; sourceTree = "<group>"; };
		6F0CB7221CB18B23001FFF6A /* BTService.swift */ = {isa = PBXFileReference; fileEncoding = 4; lastKnownFileType = sourcecode.swift; path = BTService.swift; sourceTree = "<group>"; };
		6F7B657A1B6299EA0059A348 /* autopilot.app */ = {isa = PBXFileReference; explicitFileType = wrapper.application; includeInIndex = 0; path = autopilot.app; sourceTree = BUILT_PRODUCTS_DIR; };
		6F7B657E1B6299EA0059A348 /* Info.plist */ = {isa = PBXFileReference; lastKnownFileType = text.plist.xml; path = Info.plist; sourceTree = "<group>"; };
		6F7B657F1B6299EA0059A348 /* AppDelegate.swift */ = {isa = PBXFileReference; lastKnownFileType = sourcecode.swift; path = AppDelegate.swift; sourceTree = "<group>"; };
		6F7B65821B6299EA0059A348 /* autopilot.xcdatamodel */ = {isa = PBXFileReference; lastKnownFileType = wrapper.xcdatamodel; path = autopilot.xcdatamodel; sourceTree = "<group>"; };
		6F7B65841B6299EA0059A348 /* ViewController.swift */ = {isa = PBXFileReference; lastKnownFileType = sourcecode.swift; path = ViewController.swift; sourceTree = "<group>"; };
		6F7B65871B6299EA0059A348 /* Base */ = {isa = PBXFileReference; lastKnownFileType = file.storyboard; name = Base; path = Base.lproj/Main.storyboard; sourceTree = "<group>"; };
		6F7B65891B6299EA0059A348 /* Images.xcassets */ = {isa = PBXFileReference; lastKnownFileType = folder.assetcatalog; path = Images.xcassets; sourceTree = "<group>"; };
		6F7B658C1B6299EA0059A348 /* Base */ = {isa = PBXFileReference; lastKnownFileType = file.xib; name = Base; path = Base.lproj/LaunchScreen.xib; sourceTree = "<group>"; };
		6F7B65921B6299EA0059A348 /* autopilotTests.xctest */ = {isa = PBXFileReference; explicitFileType = wrapper.cfbundle; includeInIndex = 0; path = autopilotTests.xctest; sourceTree = BUILT_PRODUCTS_DIR; };
		6F7B65971B6299EA0059A348 /* Info.plist */ = {isa = PBXFileReference; lastKnownFileType = text.plist.xml; path = Info.plist; sourceTree = "<group>"; };
		6F7B65981B6299EA0059A348 /* autopilotTests.swift */ = {isa = PBXFileReference; lastKnownFileType = sourcecode.swift; path = autopilotTests.swift; sourceTree = "<group>"; };
		6F7B65A41B629ECD0059A348 /* autopilot-Bridging-Header.h */ = {isa = PBXFileReference; lastKnownFileType = sourcecode.c.h; path = "autopilot-Bridging-Header.h"; sourceTree = "<group>"; };
/* End PBXFileReference section */

/* Begin PBXFrameworksBuildPhase section */
		6F7B65771B6299EA0059A348 /* Frameworks */ = {
			isa = PBXFrameworksBuildPhase;
			buildActionMask = 2147483647;
			files = (
			);
			runOnlyForDeploymentPostprocessing = 0;
		};
		6F7B658F1B6299EA0059A348 /* Frameworks */ = {
			isa = PBXFrameworksBuildPhase;
			buildActionMask = 2147483647;
			files = (
			);
			runOnlyForDeploymentPostprocessing = 0;
		};
/* End PBXFrameworksBuildPhase section */

/* Begin PBXGroup section */
		6F7B65711B6299EA0059A348 = {
			isa = PBXGroup;
			children = (
				6F7B657C1B6299EA0059A348 /* autopilot */,
				6F7B65951B6299EA0059A348 /* autopilotTests */,
				6F7B657B1B6299EA0059A348 /* Products */,
			);
			sourceTree = "<group>";
		};
		6F7B657B1B6299EA0059A348 /* Products */ = {
			isa = PBXGroup;
			children = (
				6F7B657A1B6299EA0059A348 /* autopilot.app */,
				6F7B65921B6299EA0059A348 /* autopilotTests.xctest */,
			);
			name = Products;
			sourceTree = "<group>";
		};
		6F7B657C1B6299EA0059A348 /* autopilot */ = {
			isa = PBXGroup;
			children = (
				6F0CB7211CB18B23001FFF6A /* BTDiscovery.swift */,
				6F0CB7221CB18B23001FFF6A /* BTService.swift */,
				6F7B657F1B6299EA0059A348 /* AppDelegate.swift */,
				6F7B65841B6299EA0059A348 /* ViewController.swift */,
				6F7B65861B6299EA0059A348 /* Main.storyboard */,
				6F7B65891B6299EA0059A348 /* Images.xcassets */,
				6F7B658B1B6299EA0059A348 /* LaunchScreen.xib */,
				6F7B65811B6299EA0059A348 /* autopilot.xcdatamodeld */,
				6F7B657D1B6299EA0059A348 /* Supporting Files */,
				6F7B65A41B629ECD0059A348 /* autopilot-Bridging-Header.h */,
			);
			path = autopilot;
			sourceTree = "<group>";
		};
		6F7B657D1B6299EA0059A348 /* Supporting Files */ = {
			isa = PBXGroup;
			children = (
				6F7B657E1B6299EA0059A348 /* Info.plist */,
			);
			name = "Supporting Files";
			sourceTree = "<group>";
		};
		6F7B65951B6299EA0059A348 /* autopilotTests */ = {
			isa = PBXGroup;
			children = (
				6F7B65981B6299EA0059A348 /* autopilotTests.swift */,
				6F7B65961B6299EA0059A348 /* Supporting Files */,
			);
			path = autopilotTests;
			sourceTree = "<group>";
		};
		6F7B65961B6299EA0059A348 /* Supporting Files */ = {
			isa = PBXGroup;
			children = (
				6F7B65971B6299EA0059A348 /* Info.plist */,
			);
			name = "Supporting Files";
			sourceTree = "<group>";
		};
/* End PBXGroup section */

/* Begin PBXNativeTarget section */
		6F7B65791B6299EA0059A348 /* autopilot */ = {
			isa = PBXNativeTarget;
			buildConfigurationList = 6F7B659C1B6299EA0059A348 /* Build configuration list for PBXNativeTarget "autopilot" */;
			buildPhases = (
				6F7B65761B6299EA0059A348 /* Sources */,
				6F7B65771B6299EA0059A348 /* Frameworks */,
				6F7B65781B6299EA0059A348 /* Resources */,
			);
			buildRules = (
			);
			dependencies = (
			);
			name = autopilot;
			productName = autopilot;
			productReference = 6F7B657A1B6299EA0059A348 /* autopilot.app */;
			productType = "com.apple.product-type.application";
		};
		6F7B65911B6299EA0059A348 /* autopilotTests */ = {
			isa = PBXNativeTarget;
			buildConfigurationList = 6F7B659F1B6299EA0059A348 /* Build configuration list for PBXNativeTarget "autopilotTests" */;
			buildPhases = (
				6F7B658E1B6299EA0059A348 /* Sources */,
				6F7B658F1B6299EA0059A348 /* Frameworks */,
				6F7B65901B6299EA0059A348 /* Resources */,
			);
			buildRules = (
			);
			dependencies = (
				6F7B65941B6299EA0059A348 /* PBXTargetDependency */,
			);
			name = autopilotTests;
			productName = autopilotTests;
			productReference = 6F7B65921B6299EA0059A348 /* autopilotTests.xctest */;
			productType = "com.apple.product-type.bundle.unit-test";
		};
/* End PBXNativeTarget section */

/* Begin PBXProject section */
		6F7B65721B6299EA0059A348 /* Project object */ = {
			isa = PBXProject;
			attributes = {
				LastSwiftMigration = 0730;
				LastSwiftUpdateCheck = 0730;
				LastUpgradeCheck = 0640;
				ORGANIZATIONNAME = "Lars Jessen";
				TargetAttributes = {
					6F7B65791B6299EA0059A348 = {
						CreatedOnToolsVersion = 6.4;
						DevelopmentTeam = RFF7WA92WE;
					};
					6F7B65911B6299EA0059A348 = {
						CreatedOnToolsVersion = 6.4;
						TestTargetID = 6F7B65791B6299EA0059A348;
					};
				};
			};
			buildConfigurationList = 6F7B65751B6299EA0059A348 /* Build configuration list for PBXProject "autopilot" */;
			compatibilityVersion = "Xcode 3.2";
			developmentRegion = English;
			hasScannedForEncodings = 0;
			knownRegions = (
				en,
				Base,
			);
			mainGroup = 6F7B65711B6299EA0059A348;
			productRefGroup = 6F7B657B1B6299EA0059A348 /* Products */;
			projectDirPath = "";
			projectRoot = "";
			targets = (
				6F7B65791B6299EA0059A348 /* autopilot */,
				6F7B65911B6299EA0059A348 /* autopilotTests */,
			);
		};
/* End PBXProject section */

/* Begin PBXResourcesBuildPhase section */
		6F7B65781B6299EA0059A348 /* Resources */ = {
			isa = PBXResourcesBuildPhase;
			buildActionMask = 2147483647;
			files = (
				6F7B65881B6299EA0059A348 /* Main.storyboard in Resources */,
				6F7B658D1B6299EA0059A348 /* LaunchScreen.xib in Resources */,
				6F7B658A1B6299EA0059A348 /* Images.xcassets in Resources */,
			);
			runOnlyForDeploymentPostprocessing = 0;
		};
		6F7B65901B6299EA0059A348 /* Resources */ = {
			isa = PBXResourcesBuildPhase;
			buildActionMask = 2147483647;
			files = (
			);
			runOnlyForDeploymentPostprocessing = 0;
		};
/* End PBXResourcesBuildPhase section */

/* Begin PBXSourcesBuildPhase section */
		6F7B65761B6299EA0059A348 /* Sources */ = {
			isa = PBXSourcesBuildPhase;
			buildActionMask = 2147483647;
			files = (
				6F7B65851B6299EA0059A348 /* ViewController.swift in Sources */,
				6F0CB7231CB18B23001FFF6A /* BTDiscovery.swift in Sources */,
				6F7B65801B6299EA0059A348 /* AppDelegate.swift in Sources */,
				6F0CB7241CB18B23001FFF6A /* BTService.swift in Sources */,
				6F7B65831B6299EA0059A348 /* autopilot.xcdatamodeld in Sources */,
			);
			runOnlyForDeploymentPostprocessing = 0;
		};
		6F7B658E1B6299EA0059A348 /* Sources */ = {
			isa = PBXSourcesBuildPhase;
			buildActionMask = 2147483647;
			files = (
				6F7B65991B6299EA0059A348 /* autopilotTests.swift in Sources */,
			);
			runOnlyForDeploymentPostprocessing = 0;
		};
/* End PBXSourcesBuildPhase section */

/* Begin PBXTargetDependency section */
		6F7B65941B6299EA0059A348 /* PBXTargetDependency */ = {
			isa = PBXTargetDependency;
			target = 6F7B65791B6299EA0059A348 /* autopilot */;
			targetProxy = 6F7B65931B6299EA0059A348 /* PBXContainerItemProxy */;
		};
/* End PBXTargetDependency section */

/* Begin PBXVariantGroup section */
		6F7B65861B6299EA0059A348 /* Main.storyboard */ = {
			isa = PBXVariantGroup;
			children = (
				6F7B65871B6299EA0059A348 /* Base */,
			);
			name = Main.storyboard;
			sourceTree = "<group>";
		};
		6F7B658B1B6299EA0059A348 /* LaunchScreen.xib */ = {
			isa = PBXVariantGroup;
			children = (
				6F7B658C1B6299EA0059A348 /* Base */,
			);
			name = LaunchScreen.xib;
			sourceTree = "<group>";
		};
/* End PBXVariantGroup section */

/* Begin XCBuildConfiguration section */
		6F7B659A1B6299EA0059A348 /* Debug */ = {
			isa = XCBuildConfiguration;
			buildSettings = {
				ALWAYS_SEARCH_USER_PATHS = NO;
				CLANG_CXX_LANGUAGE_STANDARD = "gnu++0x";
				CLANG_CXX_LIBRARY = "libc++";
				CLANG_ENABLE_MODULES = YES;
				CLANG_ENABLE_OBJC_ARC = YES;
				CLANG_WARN_BOOL_CONVERSION = YES;
				CLANG_WARN_CONSTANT_CONVERSION = YES;
				CLANG_WARN_DIRECT_OBJC_ISA_USAGE = YES_ERROR;
				CLANG_WARN_EMPTY_BODY = YES;
				CLANG_WARN_ENUM_CONVERSION = YES;
				CLANG_WARN_INT_CONVERSION = YES;
				CLANG_WARN_OBJC_ROOT_CLASS = YES_ERROR;
				CLANG_WARN_UNREACHABLE_CODE = YES;
				CLANG_WARN__DUPLICATE_METHOD_MATCH = YES;
				"CODE_SIGN_IDENTITY[sdk=iphoneos*]" = "iPhone Developer";
				COPY_PHASE_STRIP = NO;
				DEBUG_INFORMATION_FORMAT = "dwarf-with-dsym";
				ENABLE_STRICT_OBJC_MSGSEND = YES;
				GCC_C_LANGUAGE_STANDARD = gnu99;
				GCC_DYNAMIC_NO_PIC = NO;
				GCC_NO_COMMON_BLOCKS = YES;
				GCC_OPTIMIZATION_LEVEL = 0;
				GCC_PREPROCESSOR_DEFINITIONS = (
					"DEBUG=1",
					"$(inherited)",
				);
				GCC_SYMBOLS_PRIVATE_EXTERN = NO;
				GCC_WARN_64_TO_32_BIT_CONVERSION = YES;
				GCC_WARN_ABOUT_RETURN_TYPE = YES_ERROR;
				GCC_WARN_UNDECLARED_SELECTOR = YES;
				GCC_WARN_UNINITIALIZED_AUTOS = YES_AGGRESSIVE;
				GCC_WARN_UNUSED_FUNCTION = YES;
				GCC_WARN_UNUSED_VARIABLE = YES;
				IPHONEOS_DEPLOYMENT_TARGET = 8.4;
				MTL_ENABLE_DEBUG_INFO = YES;
				ONLY_ACTIVE_ARCH = YES;
				SDKROOT = iphoneos;
				SWIFT_OPTIMIZATION_LEVEL = "-Onone";
				TARGETED_DEVICE_FAMILY = "1,2";
			};
			name = Debug;
		};
		6F7B659B1B6299EA0059A348 /* Release */ = {
			isa = XCBuildConfiguration;
			buildSettings = {
				ALWAYS_SEARCH_USER_PATHS = NO;
				CLANG_CXX_LANGUAGE_STANDARD = "gnu++0x";
				CLANG_CXX_LIBRARY = "libc++";
				CLANG_ENABLE_MODULES = YES;
				CLANG_ENABLE_OBJC_ARC = YES;
				CLANG_WARN_BOOL_CONVERSION = YES;
				CLANG_WARN_CONSTANT_CONVERSION = YES;
				CLANG_WARN_DIRECT_OBJC_ISA_USAGE = YES_ERROR;
				CLANG_WARN_EMPTY_BODY = YES;
				CLANG_WARN_ENUM_CONVERSION = YES;
				CLANG_WARN_INT_CONVERSION = YES;
				CLANG_WARN_OBJC_ROOT_CLASS = YES_ERROR;
				CLANG_WARN_UNREACHABLE_CODE = YES;
				CLANG_WARN__DUPLICATE_METHOD_MATCH = YES;
				"CODE_SIGN_IDENTITY[sdk=iphoneos*]" = "iPhone Developer";
				COPY_PHASE_STRIP = NO;
				DEBUG_INFORMATION_FORMAT = "dwarf-with-dsym";
				ENABLE_NS_ASSERTIONS = NO;
				ENABLE_STRICT_OBJC_MSGSEND = YES;
				GCC_C_LANGUAGE_STANDARD = gnu99;
				GCC_NO_COMMON_BLOCKS = YES;
				GCC_WARN_64_TO_32_BIT_CONVERSION = YES;
				GCC_WARN_ABOUT_RETURN_TYPE = YES_ERROR;
				GCC_WARN_UNDECLARED_SELECTOR = YES;
				GCC_WARN_UNINITIALIZED_AUTOS = YES_AGGRESSIVE;
				GCC_WARN_UNUSED_FUNCTION = YES;
				GCC_WARN_UNUSED_VARIABLE = YES;
				IPHONEOS_DEPLOYMENT_TARGET = 8.4;
				MTL_ENABLE_DEBUG_INFO = NO;
				SDKROOT = iphoneos;
				TARGETED_DEVICE_FAMILY = "1,2";
				VALIDATE_PRODUCT = YES;
			};
			name = Release;
		};
		6F7B659D1B6299EA0059A348 /* Debug */ = {
			isa = XCBuildConfiguration;
			buildSettings = {
				ASSETCATALOG_COMPILER_APPICON_NAME = AppIcon;
				CLANG_ENABLE_MODULES = YES;
				CODE_SIGN_IDENTITY = "iPhone Developer";
				"CODE_SIGN_IDENTITY[sdk=iphoneos*]" = "iPhone Developer";
				INFOPLIST_FILE = autopilot/Info.plist;
				LD_RUNPATH_SEARCH_PATHS = "$(inherited) @executable_path/Frameworks";
				PRODUCT_NAME = "$(TARGET_NAME)";
				PROVISIONING_PROFILE = "";
				SWIFT_OBJC_BRIDGING_HEADER = "autopilot/autopilot-Bridging-Header.h";
				SWIFT_OPTIMIZATION_LEVEL = "-Onone";
			};
			name = Debug;
		};
		6F7B659E1B6299EA0059A348 /* Release */ = {
			isa = XCBuildConfiguration;
			buildSettings = {
				ASSETCATALOG_COMPILER_APPICON_NAME = AppIcon;
				CLANG_ENABLE_MODULES = YES;
				CODE_SIGN_IDENTITY = "iPhone Developer";
				"CODE_SIGN_IDENTITY[sdk=iphoneos*]" = "iPhone Developer";
				INFOPLIST_FILE = autopilot/Info.plist;
				LD_RUNPATH_SEARCH_PATHS = "$(inherited) @executable_path/Frameworks";
				PRODUCT_NAME = "$(TARGET_NAME)";
				PROVISIONING_PROFILE = "";
				SWIFT_OBJC_BRIDGING_HEADER = "autopilot/autopilot-Bridging-Header.h";
			};
			name = Release;
		};
		6F7B65A01B6299EA0059A348 /* Debug */ = {
			isa = XCBuildConfiguration;
			buildSettings = {
				BUNDLE_LOADER = "$(TEST_HOST)";
				FRAMEWORK_SEARCH_PATHS = (
					"$(SDKROOT)/Developer/Library/Frameworks",
					"$(inherited)",
				);
				GCC_PREPROCESSOR_DEFINITIONS = (
					"DEBUG=1",
					"$(inherited)",
				);
				INFOPLIST_FILE = autopilotTests/Info.plist;
				LD_RUNPATH_SEARCH_PATHS = "$(inherited) @executable_path/Frameworks @loader_path/Frameworks";
				PRODUCT_NAME = "$(TARGET_NAME)";
				TEST_HOST = "$(BUILT_PRODUCTS_DIR)/autopilot.app/autopilot";
			};
			name = Debug;
		};
		6F7B65A11B6299EA0059A348 /* Release */ = {
			isa = XCBuildConfiguration;
			buildSettings = {
				BUNDLE_LOADER = "$(TEST_HOST)";
				FRAMEWORK_SEARCH_PATHS = (
					"$(SDKROOT)/Developer/Library/Frameworks",
					"$(inherited)",
				);
				INFOPLIST_FILE = autopilotTests/Info.plist;
				LD_RUNPATH_SEARCH_PATHS = "$(inherited) @executable_path/Frameworks @loader_path/Frameworks";
				PRODUCT_NAME = "$(TARGET_NAME)";
				TEST_HOST = "$(BUILT_PRODUCTS_DIR)/autopilot.app/autopilot";
			};
			name = Release;
		};
/* End XCBuildConfiguration section */

/* Begin XCConfigurationList section */
		6F7B65751B6299EA0059A348 /* Build configuration list for PBXProject "autopilot" */ = {
			isa = XCConfigurationList;
			buildConfigurations = (
				6F7B659A1B6299EA0059A348 /* Debug */,
				6F7B659B1B6299EA0059A348 /* Release */,
			);
			defaultConfigurationIsVisible = 0;
			defaultConfigurationName = Release;
		};
		6F7B659C1B6299EA0059A348 /* Build configuration list for PBXNativeTarget "autopilot" */ = {
			isa = XCConfigurationList;
			buildConfigurations = (
				6F7B659D1B6299EA0059A348 /* Debug */,
				6F7B659E1B6299EA0059A348 /* Release */,
			);
			defaultConfigurationIsVisible = 0;
			defaultConfigurationName = Release;
		};
		6F7B659F1B6299EA0059A348 /* Build configuration list for PBXNativeTarget "autopilotTests" */ = {
			isa = XCConfigurationList;
			buildConfigurations = (
				6F7B65A01B6299EA0059A348 /* Debug */,
				6F7B65A11B6299EA0059A348 /* Release */,
			);
			defaultConfigurationIsVisible = 0;
			defaultConfigurationName = Release;
		};
/* End XCConfigurationList section */

/* Begin XCVersionGroup section */
		6F7B65811B6299EA0059A348 /* autopilot.xcdatamodeld */ = {
			isa = XCVersionGroup;
			children = (
				6F7B65821B6299EA0059A348 /* autopilot.xcdatamodel */,
			);
			currentVersion = 6F7B65821B6299EA0059A348 /* autopilot.xcdatamodel */;
			path = autopilot.xcdatamodeld;
			sourceTree = "<group>";
			versionGroupType = wrapper.xcdatamodel;
		};
/* End XCVersionGroup section */
	};
	rootObject = 6F7B65721B6299EA0059A348 /* Project object */;
}
